
Microsoft Visual Studio Solution File, Format Version 12.00
# Visual Studio Version 17
VisualStudioVersion = 17.7.34031.279
MinimumVisualStudioVersion = 10.0.40219.1
Project("{FAE04EC0-301F-11D3-BF4B-00C04F79EFBC}") = "Reportes", "Reportes.csproj", "{F528F217-3C4E-431B-83A6-317121DE7CBD}"
EndProject
Global
	GlobalSection(SolutionConfigurationPlatforms) = preSolution
		Debug|Any CPU = Debug|Any CPU
		Release|Any CPU = Release|Any CPU
	EndGlobalSection
	GlobalSection(ProjectConfigurationPlatforms) = postSolution
		{F528F217-3C4E-431B-83A6-317121DE7CBD}.Debug|Any CPU.ActiveCfg = Debug|Any CPU
		{F528F217-3C4E-431B-83A6-317121DE7CBD}.Debug|Any CPU.Build.0 = Debug|Any CPU
		{F528F217-3C4E-431B-83A6-317121DE7CBD}.Release|Any CPU.ActiveCfg = Release|Any CPU
		{F528F217-3C4E-431B-83A6-317121DE7CBD}.Release|Any CPU.Build.0 = Release|Any CPU
	EndGlobalSection
	GlobalSection(SolutionProperties) = preSolution
		HideSolutionNode = FALSE
	EndGlobalSection
	GlobalSection(ExtensibilityGlobals) = postSolution
		SolutionGuid = {92573DAB-7DBA-4994-AAA5-B1BD0B217732}
	EndGlobalSection
EndGlobal
